// !$*UTF8*$!
{
	archiveVersion = 1;
	classes = {
	};
	objectVersion = 50;
	objects = {

/* Begin PBXBuildFile section */
		BF2AFCE0225BA53C0008E8BF /* HideKeyboard.swift in Sources */ = {isa = PBXBuildFile; fileRef = BF2AFCDF225BA53C0008E8BF /* HideKeyboard.swift */; };
		BF2AFCE2225BE4FE0008E8BF /* EmptyTable.swift in Sources */ = {isa = PBXBuildFile; fileRef = BF2AFCE1225BE4FE0008E8BF /* EmptyTable.swift */; };
		BF5BB5B922483D2F0034705A /* Conversion.swift in Sources */ = {isa = PBXBuildFile; fileRef = BF5BB5B822483D2F0034705A /* Conversion.swift */; };
		BF5BB5C1224860FE0034705A /* WeightConversionVC.swift in Sources */ = {isa = PBXBuildFile; fileRef = BF5BB5C0224860FE0034705A /* WeightConversionVC.swift */; };
		BF5BB5C32248610F0034705A /* VolumeConversionVC.swift in Sources */ = {isa = PBXBuildFile; fileRef = BF5BB5C22248610F0034705A /* VolumeConversionVC.swift */; };
		BF5BB5C92248614C0034705A /* DistanceConversionVC.swift in Sources */ = {isa = PBXBuildFile; fileRef = BF5BB5C82248614C0034705A /* DistanceConversionVC.swift */; };
		BF61661C224987750060886C /* PlaceholderColor.swift in Sources */ = {isa = PBXBuildFile; fileRef = BF61661B224987750060886C /* PlaceholderColor.swift */; };
		BF61661E224994ED0060886C /* TemperatureConversionVC.swift in Sources */ = {isa = PBXBuildFile; fileRef = BF61661D224994ED0060886C /* TemperatureConversionVC.swift */; };
		BF6166202249961F0060886C /* Temperature.swift in Sources */ = {isa = PBXBuildFile; fileRef = BF61661F2249961F0060886C /* Temperature.swift */; };
		BF616622224A3B340060886C /* Volume.swift in Sources */ = {isa = PBXBuildFile; fileRef = BF616621224A3B340060886C /* Volume.swift */; };
		BF616624224A45560060886C /* Distance.swift in Sources */ = {isa = PBXBuildFile; fileRef = BF616623224A45560060886C /* Distance.swift */; };
		BF616626224A4D210060886C /* Speed.swift in Sources */ = {isa = PBXBuildFile; fileRef = BF616625224A4D210060886C /* Speed.swift */; };
		BF616628224A51A30060886C /* SpeedConversionVC.swift in Sources */ = {isa = PBXBuildFile; fileRef = BF616627224A51A30060886C /* SpeedConversionVC.swift */; };
		BF61662A224A5CB00060886C /* TabBarControl.swift in Sources */ = {isa = PBXBuildFile; fileRef = BF616629224A5CB00060886C /* TabBarControl.swift */; };
		BF61662C224A5E310060886C /* SaveVC.swift in Sources */ = {isa = PBXBuildFile; fileRef = BF61662B224A5E310060886C /* SaveVC.swift */; };
		BF61662E224A5EB60060886C /* HistoryVC.swift in Sources */ = {isa = PBXBuildFile; fileRef = BF61662D224A5EB60060886C /* HistoryVC.swift */; };
		BF616632224A5F130060886C /* SettingsVC.swift in Sources */ = {isa = PBXBuildFile; fileRef = BF616631224A5F130060886C /* SettingsVC.swift */; };
		BF616634224A7E010060886C /* CustomNumericKeyboard.xib in Resources */ = {isa = PBXBuildFile; fileRef = BF616633224A7E010060886C /* CustomNumericKeyboard.xib */; };
		BF616638224A92D50060886C /* CustomNumericKeyboardDelegate.swift in Sources */ = {isa = PBXBuildFile; fileRef = BF616637224A92D50060886C /* CustomNumericKeyboardDelegate.swift */; };
		BF61663A224AF8C80060886C /* History.swift in Sources */ = {isa = PBXBuildFile; fileRef = BF616639224AF8C80060886C /* History.swift */; };
		BF61663C224AFC750060886C /* HistoryTableViewCell.swift in Sources */ = {isa = PBXBuildFile; fileRef = BF61663B224AFC750060886C /* HistoryTableViewCell.swift */; };
		BFADCD7B224050B3003644E0 /* AppDelegate.swift in Sources */ = {isa = PBXBuildFile; fileRef = BFADCD7A224050B3003644E0 /* AppDelegate.swift */; };
		BFADCD7D224050B3003644E0 /* ConvertionsVC.swift in Sources */ = {isa = PBXBuildFile; fileRef = BFADCD7C224050B3003644E0 /* ConvertionsVC.swift */; };
		BFADCD82224050B3003644E0 /* Main.storyboard in Resources */ = {isa = PBXBuildFile; fileRef = BFADCD80224050B3003644E0 /* Main.storyboard */; };
		BFADCD84224050B5003644E0 /* Assets.xcassets in Resources */ = {isa = PBXBuildFile; fileRef = BFADCD83224050B5003644E0 /* Assets.xcassets */; };
		BFADCD87224050B5003644E0 /* LaunchScreen.storyboard in Resources */ = {isa = PBXBuildFile; fileRef = BFADCD85224050B5003644E0 /* LaunchScreen.storyboard */; };
		BFD98D092249219900C4DD2E /* Weight.swift in Sources */ = {isa = PBXBuildFile; fileRef = BFD98D082249219900C4DD2E /* Weight.swift */; };
		CEC956E32603B54F000A4505 /* ConversionsTableViewCell.swift in Sources */ = {isa = PBXBuildFile; fileRef = CEC956E22603B54F000A4505 /* ConversionsTableViewCell.swift */; };
		CEFD3D362602036600D4C597 /* CustomNumericKeyBoard.swift in Sources */ = {isa = PBXBuildFile; fileRef = CEFD3D352602036600D4C597 /* CustomNumericKeyBoard.swift */; };
/* End PBXBuildFile section */

/* Begin PBXFileReference section */
		BF2AFCDF225BA53C0008E8BF /* HideKeyboard.swift */ = {isa = PBXFileReference; lastKnownFileType = sourcecode.swift; path = HideKeyboard.swift; sourceTree = "<group>"; };
		BF2AFCE1225BE4FE0008E8BF /* EmptyTable.swift */ = {isa = PBXFileReference; lastKnownFileType = sourcecode.swift; path = EmptyTable.swift; sourceTree = "<group>"; };
		BF5BB5B822483D2F0034705A /* Conversion.swift */ = {isa = PBXFileReference; lastKnownFileType = sourcecode.swift; path = Conversion.swift; sourceTree = "<group>"; };
		BF5BB5C0224860FE0034705A /* WeightConversionVC.swift */ = {isa = PBXFileReference; lastKnownFileType = sourcecode.swift; path = WeightConversionVC.swift; sourceTree = "<group>"; };
		BF5BB5C22248610F0034705A /* VolumeConversionVC.swift */ = {isa = PBXFileReference; lastKnownFileType = sourcecode.swift; path = VolumeConversionVC.swift; sourceTree = "<group>"; };
		BF5BB5C82248614C0034705A /* DistanceConversionVC.swift */ = {isa = PBXFileReference; lastKnownFileType = sourcecode.swift; path = DistanceConversionVC.swift; sourceTree = "<group>"; };
		BF61661B224987750060886C /* PlaceholderColor.swift */ = {isa = PBXFileReference; lastKnownFileType = sourcecode.swift; path = PlaceholderColor.swift; sourceTree = "<group>"; };
		BF61661D224994ED0060886C /* TemperatureConversionVC.swift */ = {isa = PBXFileReference; lastKnownFileType = sourcecode.swift; path = TemperatureConversionVC.swift; sourceTree = "<group>"; };
		BF61661F2249961F0060886C /* Temperature.swift */ = {isa = PBXFileReference; lastKnownFileType = sourcecode.swift; path = Temperature.swift; sourceTree = "<group>"; };
		BF616621224A3B340060886C /* Volume.swift */ = {isa = PBXFileReference; lastKnownFileType = sourcecode.swift; path = Volume.swift; sourceTree = "<group>"; };
		BF616623224A45560060886C /* Distance.swift */ = {isa = PBXFileReference; lastKnownFileType = sourcecode.swift; path = Distance.swift; sourceTree = "<group>"; };
		BF616625224A4D210060886C /* Speed.swift */ = {isa = PBXFileReference; lastKnownFileType = sourcecode.swift; path = Speed.swift; sourceTree = "<group>"; };
		BF616627224A51A30060886C /* SpeedConversionVC.swift */ = {isa = PBXFileReference; lastKnownFileType = sourcecode.swift; path = SpeedConversionVC.swift; sourceTree = "<group>"; };
		BF616629224A5CB00060886C /* TabBarControl.swift */ = {isa = PBXFileReference; lastKnownFileType = sourcecode.swift; path = TabBarControl.swift; sourceTree = "<group>"; };
		BF61662B224A5E310060886C /* SaveVC.swift */ = {isa = PBXFileReference; lastKnownFileType = sourcecode.swift; path = SaveVC.swift; sourceTree = "<group>"; };
		BF61662D224A5EB60060886C /* HistoryVC.swift */ = {isa = PBXFileReference; lastKnownFileType = sourcecode.swift; path = HistoryVC.swift; sourceTree = "<group>"; };
		BF616631224A5F130060886C /* SettingsVC.swift */ = {isa = PBXFileReference; lastKnownFileType = sourcecode.swift; path = SettingsVC.swift; sourceTree = "<group>"; };
		BF616633224A7E010060886C /* CustomNumericKeyboard.xib */ = {isa = PBXFileReference; lastKnownFileType = file.xib; path = CustomNumericKeyboard.xib; sourceTree = "<group>"; };
		BF616637224A92D50060886C /* CustomNumericKeyboardDelegate.swift */ = {isa = PBXFileReference; lastKnownFileType = sourcecode.swift; path = CustomNumericKeyboardDelegate.swift; sourceTree = "<group>"; };
		BF616639224AF8C80060886C /* History.swift */ = {isa = PBXFileReference; lastKnownFileType = sourcecode.swift; path = History.swift; sourceTree = "<group>"; };
		BF61663B224AFC750060886C /* HistoryTableViewCell.swift */ = {isa = PBXFileReference; lastKnownFileType = sourcecode.swift; path = HistoryTableViewCell.swift; sourceTree = "<group>"; };
		BFADCD77224050B3003644E0 /* utility-converter.app */ = {isa = PBXFileReference; explicitFileType = wrapper.application; includeInIndex = 0; path = "utility-converter.app"; sourceTree = BUILT_PRODUCTS_DIR; };
		BFADCD7A224050B3003644E0 /* AppDelegate.swift */ = {isa = PBXFileReference; lastKnownFileType = sourcecode.swift; path = AppDelegate.swift; sourceTree = "<group>"; };
		BFADCD7C224050B3003644E0 /* ConvertionsVC.swift */ = {isa = PBXFileReference; lastKnownFileType = sourcecode.swift; path = ConvertionsVC.swift; sourceTree = "<group>"; };
		BFADCD81224050B3003644E0 /* Base */ = {isa = PBXFileReference; lastKnownFileType = file.storyboard; name = Base; path = Base.lproj/Main.storyboard; sourceTree = "<group>"; };
		BFADCD83224050B5003644E0 /* Assets.xcassets */ = {isa = PBXFileReference; lastKnownFileType = folder.assetcatalog; path = Assets.xcassets; sourceTree = "<group>"; };
		BFADCD86224050B5003644E0 /* Base */ = {isa = PBXFileReference; lastKnownFileType = file.storyboard; name = Base; path = Base.lproj/LaunchScreen.storyboard; sourceTree = "<group>"; };
		BFADCD88224050B5003644E0 /* Info.plist */ = {isa = PBXFileReference; lastKnownFileType = text.plist.xml; path = Info.plist; sourceTree = "<group>"; };
		BFD98D082249219900C4DD2E /* Weight.swift */ = {isa = PBXFileReference; lastKnownFileType = sourcecode.swift; path = Weight.swift; sourceTree = "<group>"; };
		CEC956E22603B54F000A4505 /* ConversionsTableViewCell.swift */ = {isa = PBXFileReference; lastKnownFileType = sourcecode.swift; path = ConversionsTableViewCell.swift; sourceTree = "<group>"; };
		CEFD3D352602036600D4C597 /* CustomNumericKeyBoard.swift */ = {isa = PBXFileReference; lastKnownFileType = sourcecode.swift; path = CustomNumericKeyBoard.swift; sourceTree = "<group>"; };
/* End PBXFileReference section */

/* Begin PBXFrameworksBuildPhase section */
		BFADCD74224050B3003644E0 /* Frameworks */ = {
			isa = PBXFrameworksBuildPhase;
			buildActionMask = 2147483647;
			files = (
			);
			runOnlyForDeploymentPostprocessing = 0;
		};
/* End PBXFrameworksBuildPhase section */

/* Begin PBXGroup section */
		BF5BB5B42248283D0034705A /* View */ = {
			isa = PBXGroup;
			children = (
				BFADCD80224050B3003644E0 /* Main.storyboard */,
				BFADCD85224050B5003644E0 /* LaunchScreen.storyboard */,
			);
			path = View;
			sourceTree = "<group>";
		};
		BF5BB5B5224828440034705A /* Model */ = {
			isa = PBXGroup;
			children = (
				BF5BB5B822483D2F0034705A /* Conversion.swift */,
				BF61661B224987750060886C /* PlaceholderColor.swift */,
				BF2AFCDF225BA53C0008E8BF /* HideKeyboard.swift */,
				BF2AFCE1225BE4FE0008E8BF /* EmptyTable.swift */,
				BF616639224AF8C80060886C /* History.swift */,
			);
			path = Model;
			sourceTree = "<group>";
		};
		BF5BB5B62248284A0034705A /* Controller */ = {
			isa = PBXGroup;
			children = (
				BFD98D082249219900C4DD2E /* Weight.swift */,
				BF61661F2249961F0060886C /* Temperature.swift */,
				BF616621224A3B340060886C /* Volume.swift */,
				BF616623224A45560060886C /* Distance.swift */,
				BF616625224A4D210060886C /* Speed.swift */,
				BFADCD7C224050B3003644E0 /* ConvertionsVC.swift */,
				BF5BB5C0224860FE0034705A /* WeightConversionVC.swift */,
				CEC956E22603B54F000A4505 /* ConversionsTableViewCell.swift */,
				BF61661D224994ED0060886C /* TemperatureConversionVC.swift */,
				BF5BB5C22248610F0034705A /* VolumeConversionVC.swift */,
				BF5BB5C82248614C0034705A /* DistanceConversionVC.swift */,
				BF616627224A51A30060886C /* SpeedConversionVC.swift */,
				BF616629224A5CB00060886C /* TabBarControl.swift */,
				BF61662B224A5E310060886C /* SaveVC.swift */,
				BF61662D224A5EB60060886C /* HistoryVC.swift */,
				BF616631224A5F130060886C /* SettingsVC.swift */,
				BF61663B224AFC750060886C /* HistoryTableViewCell.swift */,
			);
			path = Controller;
			sourceTree = "<group>";
		};
		BFADCD6E224050B3003644E0 = {
			isa = PBXGroup;
			children = (
				BFADCD79224050B3003644E0 /* utility-converter */,
				BFADCD78224050B3003644E0 /* Products */,
			);
			sourceTree = "<group>";
		};
		BFADCD78224050B3003644E0 /* Products */ = {
			isa = PBXGroup;
			children = (
				BFADCD77224050B3003644E0 /* utility-converter.app */,
			);
			name = Products;
			sourceTree = "<group>";
		};
		BFADCD79224050B3003644E0 /* utility-converter */ = {
			isa = PBXGroup;
			children = (
				BF5BB5B62248284A0034705A /* Controller */,
				BF5BB5B5224828440034705A /* Model */,
				BF5BB5B42248283D0034705A /* View */,
				CE541BB02604251400E25D4B /* CustomNumericKeyBoard */,
				BFADCD7A224050B3003644E0 /* AppDelegate.swift */,
				BFADCD83224050B5003644E0 /* Assets.xcassets */,
				BFADCD88224050B5003644E0 /* Info.plist */,
			);
			path = "utility-converter";
			sourceTree = "<group>";
		};
		CE541BB02604251400E25D4B /* CustomNumericKeyBoard */ = {
			isa = PBXGroup;
			children = (
				BF616633224A7E010060886C /* CustomNumericKeyboard.xib */,
				CEFD3D352602036600D4C597 /* CustomNumericKeyBoard.swift */,
				BF616637224A92D50060886C /* CustomNumericKeyboardDelegate.swift */,
			);
			path = CustomNumericKeyBoard;
			sourceTree = "<group>";
		};
/* End PBXGroup section */

/* Begin PBXNativeTarget section */
		BFADCD76224050B3003644E0 /* utility-converter */ = {
			isa = PBXNativeTarget;
			buildConfigurationList = BFADCD8B224050B5003644E0 /* Build configuration list for PBXNativeTarget "utility-converter" */;
			buildPhases = (
				BFADCD73224050B3003644E0 /* Sources */,
				BFADCD74224050B3003644E0 /* Frameworks */,
				BFADCD75224050B3003644E0 /* Resources */,
			);
			buildRules = (
			);
			dependencies = (
			);
			name = "utility-converter";
			productName = "utility-converter";
			productReference = BFADCD77224050B3003644E0 /* utility-converter.app */;
			productType = "com.apple.product-type.application";
		};
/* End PBXNativeTarget section */

/* Begin PBXProject section */
		BFADCD6F224050B3003644E0 /* Project object */ = {
			isa = PBXProject;
			attributes = {
				LastSwiftUpdateCheck = 1010;
				LastUpgradeCheck = 1010;
				ORGANIZATIONNAME = "Brion Silva";
				TargetAttributes = {
					BFADCD76224050B3003644E0 = {
						CreatedOnToolsVersion = 10.1;
					};
				};
			};
			buildConfigurationList = BFADCD72224050B3003644E0 /* Build configuration list for PBXProject "utility-converter" */;
			compatibilityVersion = "Xcode 9.3";
			developmentRegion = en;
			hasScannedForEncodings = 0;
			knownRegions = (
				en,
				Base,
			);
			mainGroup = BFADCD6E224050B3003644E0;
			productRefGroup = BFADCD78224050B3003644E0 /* Products */;
			projectDirPath = "";
			projectRoot = "";
			targets = (
				BFADCD76224050B3003644E0 /* utility-converter */,
			);
		};
/* End PBXProject section */

/* Begin PBXResourcesBuildPhase section */
		BFADCD75224050B3003644E0 /* Resources */ = {
			isa = PBXResourcesBuildPhase;
			buildActionMask = 2147483647;
			files = (
				BFADCD87224050B5003644E0 /* LaunchScreen.storyboard in Resources */,
				BF616634224A7E010060886C /* CustomNumericKeyboard.xib in Resources */,
				BFADCD84224050B5003644E0 /* Assets.xcassets in Resources */,
				BFADCD82224050B3003644E0 /* Main.storyboard in Resources */,
			);
			runOnlyForDeploymentPostprocessing = 0;
		};
/* End PBXResourcesBuildPhase section */

/* Begin PBXSourcesBuildPhase section */
		BFADCD73224050B3003644E0 /* Sources */ = {
			isa = PBXSourcesBuildPhase;
			buildActionMask = 2147483647;
			files = (
				BF61661C224987750060886C /* PlaceholderColor.swift in Sources */,
				BF61662A224A5CB00060886C /* TabBarControl.swift in Sources */,
				BFD98D092249219900C4DD2E /* Weight.swift in Sources */,
				BF616624224A45560060886C /* Distance.swift in Sources */,
				BF5BB5B922483D2F0034705A /* Conversion.swift in Sources */,
				CEFD3D362602036600D4C597 /* CustomNumericKeyBoard.swift in Sources */,
				BF61661E224994ED0060886C /* TemperatureConversionVC.swift in Sources */,
				BF61662C224A5E310060886C /* SaveVC.swift in Sources */,
				BFADCD7B224050B3003644E0 /* AppDelegate.swift in Sources */,
				BF61663C224AFC750060886C /* HistoryTableViewCell.swift in Sources */,
				BF2AFCE0225BA53C0008E8BF /* HideKeyboard.swift in Sources */,
				BF5BB5C32248610F0034705A /* VolumeConversionVC.swift in Sources */,
				BF616622224A3B340060886C /* Volume.swift in Sources */,
				BF616628224A51A30060886C /* SpeedConversionVC.swift in Sources */,
				BF2AFCE2225BE4FE0008E8BF /* EmptyTable.swift in Sources */,
				BFADCD7D224050B3003644E0 /* ConvertionsVC.swift in Sources */,
				BF5BB5C1224860FE0034705A /* WeightConversionVC.swift in Sources */,
				BF6166202249961F0060886C /* Temperature.swift in Sources */,
				BF61663A224AF8C80060886C /* History.swift in Sources */,
				BF616638224A92D50060886C /* CustomNumericKeyboardDelegate.swift in Sources */,
				CEC956E32603B54F000A4505 /* ConversionsTableViewCell.swift in Sources */,
				BF616632224A5F130060886C /* SettingsVC.swift in Sources */,
				BF616626224A4D210060886C /* Speed.swift in Sources */,
				BF61662E224A5EB60060886C /* HistoryVC.swift in Sources */,
				BF5BB5C92248614C0034705A /* DistanceConversionVC.swift in Sources */,
			);
			runOnlyForDeploymentPostprocessing = 0;
		};
/* End PBXSourcesBuildPhase section */

/* Begin PBXVariantGroup section */
		BFADCD80224050B3003644E0 /* Main.storyboard */ = {
			isa = PBXVariantGroup;
			children = (
				BFADCD81224050B3003644E0 /* Base */,
			);
			name = Main.storyboard;
			sourceTree = "<group>";
		};
		BFADCD85224050B5003644E0 /* LaunchScreen.storyboard */ = {
			isa = PBXVariantGroup;
			children = (
				BFADCD86224050B5003644E0 /* Base */,
			);
			name = LaunchScreen.storyboard;
			sourceTree = "<group>";
		};
/* End PBXVariantGroup section */

/* Begin XCBuildConfiguration section */
		BFADCD89224050B5003644E0 /* Debug */ = {
			isa = XCBuildConfiguration;
			buildSettings = {
				ALWAYS_SEARCH_USER_PATHS = NO;
				CLANG_ANALYZER_NONNULL = YES;
				CLANG_ANALYZER_NUMBER_OBJECT_CONVERSION = YES_AGGRESSIVE;
				CLANG_CXX_LANGUAGE_STANDARD = "gnu++14";
				CLANG_CXX_LIBRARY = "libc++";
				CLANG_ENABLE_MODULES = YES;
				CLANG_ENABLE_OBJC_ARC = YES;
				CLANG_ENABLE_OBJC_WEAK = YES;
				CLANG_WARN_BLOCK_CAPTURE_AUTORELEASING = YES;
				CLANG_WARN_BOOL_CONVERSION = YES;
				CLANG_WARN_COMMA = YES;
				CLANG_WARN_CONSTANT_CONVERSION = YES;
				CLANG_WARN_DEPRECATED_OBJC_IMPLEMENTATIONS = YES;
				CLANG_WARN_DIRECT_OBJC_ISA_USAGE = YES_ERROR;
				CLANG_WARN_DOCUMENTATION_COMMENTS = YES;
				CLANG_WARN_EMPTY_BODY = YES;
				CLANG_WARN_ENUM_CONVERSION = YES;
				CLANG_WARN_INFINITE_RECURSION = YES;
				CLANG_WARN_INT_CONVERSION = YES;
				CLANG_WARN_NON_LITERAL_NULL_CONVERSION = YES;
				CLANG_WARN_OBJC_IMPLICIT_RETAIN_SELF = YES;
				CLANG_WARN_OBJC_LITERAL_CONVERSION = YES;
				CLANG_WARN_OBJC_ROOT_CLASS = YES_ERROR;
				CLANG_WARN_RANGE_LOOP_ANALYSIS = YES;
				CLANG_WARN_STRICT_PROTOTYPES = YES;
				CLANG_WARN_SUSPICIOUS_MOVE = YES;
				CLANG_WARN_UNGUARDED_AVAILABILITY = YES_AGGRESSIVE;
				CLANG_WARN_UNREACHABLE_CODE = YES;
				CLANG_WARN__DUPLICATE_METHOD_MATCH = YES;
				CODE_SIGN_IDENTITY = "iPhone Developer";
				COPY_PHASE_STRIP = NO;
				DEBUG_INFORMATION_FORMAT = dwarf;
				ENABLE_STRICT_OBJC_MSGSEND = YES;
				ENABLE_TESTABILITY = YES;
				GCC_C_LANGUAGE_STANDARD = gnu11;
				GCC_DYNAMIC_NO_PIC = NO;
				GCC_NO_COMMON_BLOCKS = YES;
				GCC_OPTIMIZATION_LEVEL = 0;
				GCC_PREPROCESSOR_DEFINITIONS = (
					"DEBUG=1",
					"$(inherited)",
				);
				GCC_WARN_64_TO_32_BIT_CONVERSION = YES;
				GCC_WARN_ABOUT_RETURN_TYPE = YES_ERROR;
				GCC_WARN_UNDECLARED_SELECTOR = YES;
				GCC_WARN_UNINITIALIZED_AUTOS = YES_AGGRESSIVE;
				GCC_WARN_UNUSED_FUNCTION = YES;
				GCC_WARN_UNUSED_VARIABLE = YES;
				IPHONEOS_DEPLOYMENT_TARGET = 12.1;
				MTL_ENABLE_DEBUG_INFO = INCLUDE_SOURCE;
				MTL_FAST_MATH = YES;
				ONLY_ACTIVE_ARCH = YES;
				SDKROOT = iphoneos;
				SWIFT_ACTIVE_COMPILATION_CONDITIONS = DEBUG;
				SWIFT_OPTIMIZATION_LEVEL = "-Onone";
			};
			name = Debug;
		};
		BFADCD8A224050B5003644E0 /* Release */ = {
			isa = XCBuildConfiguration;
			buildSettings = {
				ALWAYS_SEARCH_USER_PATHS = NO;
				CLANG_ANALYZER_NONNULL = YES;
				CLANG_ANALYZER_NUMBER_OBJECT_CONVERSION = YES_AGGRESSIVE;
				CLANG_CXX_LANGUAGE_STANDARD = "gnu++14";
				CLANG_CXX_LIBRARY = "libc++";
				CLANG_ENABLE_MODULES = YES;
				CLANG_ENABLE_OBJC_ARC = YES;
				CLANG_ENABLE_OBJC_WEAK = YES;
				CLANG_WARN_BLOCK_CAPTURE_AUTORELEASING = YES;
				CLANG_WARN_BOOL_CONVERSION = YES;
				CLANG_WARN_COMMA = YES;
				CLANG_WARN_CONSTANT_CONVERSION = YES;
				CLANG_WARN_DEPRECATED_OBJC_IMPLEMENTATIONS = YES;
				CLANG_WARN_DIRECT_OBJC_ISA_USAGE = YES_ERROR;
				CLANG_WARN_DOCUMENTATION_COMMENTS = YES;
				CLANG_WARN_EMPTY_BODY = YES;
				CLANG_WARN_ENUM_CONVERSION = YES;
				CLANG_WARN_INFINITE_RECURSION = YES;
				CLANG_WARN_INT_CONVERSION = YES;
				CLANG_WARN_NON_LITERAL_NULL_CONVERSION = YES;
				CLANG_WARN_OBJC_IMPLICIT_RETAIN_SELF = YES;
				CLANG_WARN_OBJC_LITERAL_CONVERSION = YES;
				CLANG_WARN_OBJC_ROOT_CLASS = YES_ERROR;
				CLANG_WARN_RANGE_LOOP_ANALYSIS = YES;
				CLANG_WARN_STRICT_PROTOTYPES = YES;
				CLANG_WARN_SUSPICIOUS_MOVE = YES;
				CLANG_WARN_UNGUARDED_AVAILABILITY = YES_AGGRESSIVE;
				CLANG_WARN_UNREACHABLE_CODE = YES;
				CLANG_WARN__DUPLICATE_METHOD_MATCH = YES;
				CODE_SIGN_IDENTITY = "iPhone Developer";
				COPY_PHASE_STRIP = NO;
				DEBUG_INFORMATION_FORMAT = "dwarf-with-dsym";
				ENABLE_NS_ASSERTIONS = NO;
				ENABLE_STRICT_OBJC_MSGSEND = YES;
				GCC_C_LANGUAGE_STANDARD = gnu11;
				GCC_NO_COMMON_BLOCKS = YES;
				GCC_WARN_64_TO_32_BIT_CONVERSION = YES;
				GCC_WARN_ABOUT_RETURN_TYPE = YES_ERROR;
				GCC_WARN_UNDECLARED_SELECTOR = YES;
				GCC_WARN_UNINITIALIZED_AUTOS = YES_AGGRESSIVE;
				GCC_WARN_UNUSED_FUNCTION = YES;
				GCC_WARN_UNUSED_VARIABLE = YES;
				IPHONEOS_DEPLOYMENT_TARGET = 12.1;
				MTL_ENABLE_DEBUG_INFO = NO;
				MTL_FAST_MATH = YES;
				SDKROOT = iphoneos;
				SWIFT_COMPILATION_MODE = wholemodule;
				SWIFT_OPTIMIZATION_LEVEL = "-O";
				VALIDATE_PRODUCT = YES;
			};
			name = Release;
		};
		BFADCD8C224050B5003644E0 /* Debug */ = {
			isa = XCBuildConfiguration;
			buildSettings = {
				ASSETCATALOG_COMPILER_APPICON_NAME = AppIcon;
				CODE_SIGN_STYLE = Automatic;
				DEVELOPMENT_TEAM = K9YVQ4Q289;
				INFOPLIST_FILE = "utility-converter/Info.plist";
				LD_RUNPATH_SEARCH_PATHS = (
					"$(inherited)",
					"@executable_path/Frameworks",
				);
				PRODUCT_BUNDLE_IDENTIFIER = "com.brionmario.iit.nmad.utility-converter";
				PRODUCT_NAME = "$(TARGET_NAME)";
				SWIFT_VERSION = 4.2;
				TARGETED_DEVICE_FAMILY = 1;
			};
			name = Debug;
		};
		BFADCD8D224050B5003644E0 /* Release */ = {
			isa = XCBuildConfiguration;
			buildSettings = {
				ASSETCATALOG_COMPILER_APPICON_NAME = AppIcon;
				CODE_SIGN_STYLE = Automatic;
				DEVELOPMENT_TEAM = K9YVQ4Q289;
				INFOPLIST_FILE = "utility-converter/Info.plist";
				LD_RUNPATH_SEARCH_PATHS = (
					"$(inherited)",
					"@executable_path/Frameworks",
				);
				PRODUCT_BUNDLE_IDENTIFIER = "com.brionmario.iit.nmad.utility-converter";
				PRODUCT_NAME = "$(TARGET_NAME)";
				SWIFT_VERSION = 4.2;
				TARGETED_DEVICE_FAMILY = 1;
			};
			name = Release;
		};
/* End XCBuildConfiguration section */

/* Begin XCConfigurationList section */
		BFADCD72224050B3003644E0 /* Build configuration list for PBXProject "utility-converter" */ = {
			isa = XCConfigurationList;
			buildConfigurations = (
				BFADCD89224050B5003644E0 /* Debug */,
				BFADCD8A224050B5003644E0 /* Release */,
			);
			defaultConfigurationIsVisible = 0;
			defaultConfigurationName = Release;
		};
		BFADCD8B224050B5003644E0 /* Build configuration list for PBXNativeTarget "utility-converter" */ = {
			isa = XCConfigurationList;
			buildConfigurations = (
				BFADCD8C224050B5003644E0 /* Debug */,
				BFADCD8D224050B5003644E0 /* Release */,
			);
			defaultConfigurationIsVisible = 0;
			defaultConfigurationName = Release;
		};
/* End XCConfigurationList section */
	};
	rootObject = BFADCD6F224050B3003644E0 /* Project object */;
}
